// !$*UTF8*$!
{
	archiveVersion = 1;
	classes = {
	};
	objectVersion = 50;
	objects = {

/* Begin PBXBuildFile section */
		FBEF61E724010927005860C8 /* AppDelegate.swift in Sources */ = {isa = PBXBuildFile; fileRef = FBEF61E624010927005860C8 /* AppDelegate.swift */; };
		FBEF61E924010927005860C8 /* SceneDelegate.swift in Sources */ = {isa = PBXBuildFile; fileRef = FBEF61E824010927005860C8 /* SceneDelegate.swift */; };
		FBEF61EB24010927005860C8 /* ContentView.swift in Sources */ = {isa = PBXBuildFile; fileRef = FBEF61EA24010927005860C8 /* ContentView.swift */; };
		FBEF61ED2401092D005860C8 /* Assets.xcassets in Resources */ = {isa = PBXBuildFile; fileRef = FBEF61EC2401092D005860C8 /* Assets.xcassets */; };
		FBEF61F02401092D005860C8 /* Preview Assets.xcassets in Resources */ = {isa = PBXBuildFile; fileRef = FBEF61EF2401092D005860C8 /* Preview Assets.xcassets */; };
		FBEF61F32401092D005860C8 /* LaunchScreen.storyboard in Resources */ = {isa = PBXBuildFile; fileRef = FBEF61F12401092D005860C8 /* LaunchScreen.storyboard */; };
		FBEF61FD24014DEA005860C8 /* UserNotifications.framework in Frameworks */ = {isa = PBXBuildFile; fileRef = FBEF61FC24014DEA005860C8 /* UserNotifications.framework */; };
/* End PBXBuildFile section */

/* Begin PBXFileReference section */
		FBEF61E324010927005860C8 /* Background.app */ = {isa = PBXFileReference; explicitFileType = wrapper.application; includeInIndex = 0; path = Background.app; sourceTree = BUILT_PRODUCTS_DIR; };
		FBEF61E624010927005860C8 /* AppDelegate.swift */ = {isa = PBXFileReference; lastKnownFileType = sourcecode.swift; path = AppDelegate.swift; sourceTree = "<group>"; };
		FBEF61E824010927005860C8 /* SceneDelegate.swift */ = {isa = PBXFileReference; lastKnownFileType = sourcecode.swift; path = SceneDelegate.swift; sourceTree = "<group>"; };
		FBEF61EA24010927005860C8 /* ContentView.swift */ = {isa = PBXFileReference; lastKnownFileType = sourcecode.swift; path = ContentView.swift; sourceTree = "<group>"; };
		FBEF61EC2401092D005860C8 /* Assets.xcassets */ = {isa = PBXFileReference; lastKnownFileType = folder.assetcatalog; path = Assets.xcassets; sourceTree = "<group>"; };
		FBEF61EF2401092D005860C8 /* Preview Assets.xcassets */ = {isa = PBXFileReference; lastKnownFileType = folder.assetcatalog; path = "Preview Assets.xcassets"; sourceTree = "<group>"; };
		FBEF61F22401092D005860C8 /* Base */ = {isa = PBXFileReference; lastKnownFileType = file.storyboard; name = Base; path = Base.lproj/LaunchScreen.storyboard; sourceTree = "<group>"; };
		FBEF61F42401092D005860C8 /* Info.plist */ = {isa = PBXFileReference; lastKnownFileType = text.plist.xml; path = Info.plist; sourceTree = "<group>"; };
		FBEF61FA24014DD3005860C8 /* Background.entitlements */ = {isa = PBXFileReference; lastKnownFileType = text.plist.entitlements; path = Background.entitlements; sourceTree = "<group>"; };
		FBEF61FC24014DEA005860C8 /* UserNotifications.framework */ = {isa = PBXFileReference; lastKnownFileType = wrapper.framework; name = UserNotifications.framework; path = System/Library/Frameworks/UserNotifications.framework; sourceTree = SDKROOT; };
/* End PBXFileReference section */

/* Begin PBXFrameworksBuildPhase section */
		FBEF61E024010927005860C8 /* Frameworks */ = {
			isa = PBXFrameworksBuildPhase;
			buildActionMask = 2147483647;
			files = (
				FBEF61FD24014DEA005860C8 /* UserNotifications.framework in Frameworks */,
			);
			runOnlyForDeploymentPostprocessing = 0;
		};
/* End PBXFrameworksBuildPhase section */

/* Begin PBXGroup section */
		FBEF61DA24010927005860C8 = {
			isa = PBXGroup;
			children = (
				FBEF61E524010927005860C8 /* Background */,
				FBEF61E424010927005860C8 /* Products */,
				FBEF61FB24014DEA005860C8 /* Frameworks */,
			);
			sourceTree = "<group>";
		};
		FBEF61E424010927005860C8 /* Products */ = {
			isa = PBXGroup;
			children = (
				FBEF61E324010927005860C8 /* Background.app */,
			);
			name = Products;
			sourceTree = "<group>";
		};
		FBEF61E524010927005860C8 /* Background */ = {
			isa = PBXGroup;
			children = (
				FBEF61FA24014DD3005860C8 /* Background.entitlements */,
				FBEF61E624010927005860C8 /* AppDelegate.swift */,
				FBEF61E824010927005860C8 /* SceneDelegate.swift */,
				FBEF61EA24010927005860C8 /* ContentView.swift */,
				FBEF61EC2401092D005860C8 /* Assets.xcassets */,
				FBEF61F12401092D005860C8 /* LaunchScreen.storyboard */,
				FBEF61F42401092D005860C8 /* Info.plist */,
				FBEF61EE2401092D005860C8 /* Preview Content */,
			);
			path = Background;
			sourceTree = "<group>";
		};
		FBEF61EE2401092D005860C8 /* Preview Content */ = {
			isa = PBXGroup;
			children = (
				FBEF61EF2401092D005860C8 /* Preview Assets.xcassets */,
			);
			path = "Preview Content";
			sourceTree = "<group>";
		};
		FBEF61FB24014DEA005860C8 /* Frameworks */ = {
			isa = PBXGroup;
			children = (
				FBEF61FC24014DEA005860C8 /* UserNotifications.framework */,
			);
			name = Frameworks;
			sourceTree = "<group>";
		};
/* End PBXGroup section */

/* Begin PBXNativeTarget section */
		FBEF61E224010927005860C8 /* Background */ = {
			isa = PBXNativeTarget;
			buildConfigurationList = FBEF61F72401092D005860C8 /* Build configuration list for PBXNativeTarget "Background" */;
			buildPhases = (
				FBEF61DF24010927005860C8 /* Sources */,
				FBEF61E024010927005860C8 /* Frameworks */,
				FBEF61E124010927005860C8 /* Resources */,
			);
			buildRules = (
			);
			dependencies = (
			);
			name = Background;
			productName = Background;
			productReference = FBEF61E324010927005860C8 /* Background.app */;
			productType = "com.apple.product-type.application";
		};
/* End PBXNativeTarget section */

/* Begin PBXProject section */
		FBEF61DB24010927005860C8 /* Project object */ = {
			isa = PBXProject;
			attributes = {
				LastSwiftUpdateCheck = 1130;
				LastUpgradeCheck = 1130;
				ORGANIZATIONNAME = 3Bus;
				TargetAttributes = {
					FBEF61E224010927005860C8 = {
						CreatedOnToolsVersion = 11.3.1;
					};
				};
			};
			buildConfigurationList = FBEF61DE24010927005860C8 /* Build configuration list for PBXProject "Background" */;
			compatibilityVersion = "Xcode 9.3";
			developmentRegion = en;
			hasScannedForEncodings = 0;
			knownRegions = (
				en,
				Base,
			);
			mainGroup = FBEF61DA24010927005860C8;
			productRefGroup = FBEF61E424010927005860C8 /* Products */;
			projectDirPath = "";
			projectRoot = "";
			targets = (
				FBEF61E224010927005860C8 /* Background */,
			);
		};
/* End PBXProject section */

/* Begin PBXResourcesBuildPhase section */
		FBEF61E124010927005860C8 /* Resources */ = {
			isa = PBXResourcesBuildPhase;
			buildActionMask = 2147483647;
			files = (
				FBEF61F32401092D005860C8 /* LaunchScreen.storyboard in Resources */,
				FBEF61F02401092D005860C8 /* Preview Assets.xcassets in Resources */,
				FBEF61ED2401092D005860C8 /* Assets.xcassets in Resources */,
			);
			runOnlyForDeploymentPostprocessing = 0;
		};
/* End PBXResourcesBuildPhase section */

/* Begin PBXSourcesBuildPhase section */
		FBEF61DF24010927005860C8 /* Sources */ = {
			isa = PBXSourcesBuildPhase;
			buildActionMask = 2147483647;
			files = (
				FBEF61E724010927005860C8 /* AppDelegate.swift in Sources */,
				FBEF61E924010927005860C8 /* SceneDelegate.swift in Sources */,
				FBEF61EB24010927005860C8 /* ContentView.swift in Sources */,
			);
			runOnlyForDeploymentPostprocessing = 0;
		};
/* End PBXSourcesBuildPhase section */

/* Begin PBXVariantGroup section */
		FBEF61F12401092D005860C8 /* LaunchScreen.storyboard */ = {
			isa = PBXVariantGroup;
			children = (
				FBEF61F22401092D005860C8 /* Base */,
			);
			name = LaunchScreen.storyboard;
			sourceTree = "<group>";
		};
/* End PBXVariantGroup section */

/* Begin XCBuildConfiguration section */
		FBEF61F52401092D005860C8 /* Debug */ = {
			isa = XCBuildConfiguration;
			buildSettings = {
				ALWAYS_SEARCH_USER_PATHS = NO;
				CLANG_ANALYZER_NONNULL = YES;
				CLANG_ANALYZER_NUMBER_OBJECT_CONVERSION = YES_AGGRESSIVE;
				CLANG_CXX_LANGUAGE_STANDARD = "gnu++14";
				CLANG_CXX_LIBRARY = "libc++";
				CLANG_ENABLE_MODULES = YES;
				CLANG_ENABLE_OBJC_ARC = YES;
				CLANG_ENABLE_OBJC_WEAK = YES;
				CLANG_WARN_BLOCK_CAPTURE_AUTORELEASING = YES;
				CLANG_WARN_BOOL_CONVERSION = YES;
				CLANG_WARN_COMMA = YES;
				CLANG_WARN_CONSTANT_CONVERSION = YES;
				CLANG_WARN_DEPRECATED_OBJC_IMPLEMENTATIONS = YES;
				CLANG_WARN_DIRECT_OBJC_ISA_USAGE = YES_ERROR;
				CLANG_WARN_DOCUMENTATION_COMMENTS = YES;
				CLANG_WARN_EMPTY_BODY = YES;
				CLANG_WARN_ENUM_CONVERSION = YES;
				CLANG_WARN_INFINITE_RECURSION = YES;
				CLANG_WARN_INT_CONVERSION = YES;
				CLANG_WARN_NON_LITERAL_NULL_CONVERSION = YES;
				CLANG_WARN_OBJC_IMPLICIT_RETAIN_SELF = YES;
				CLANG_WARN_OBJC_LITERAL_CONVERSION = YES;
				CLANG_WARN_OBJC_ROOT_CLASS = YES_ERROR;
				CLANG_WARN_RANGE_LOOP_ANALYSIS = YES;
				CLANG_WARN_STRICT_PROTOTYPES = YES;
				CLANG_WARN_SUSPICIOUS_MOVE = YES;
				CLANG_WARN_UNGUARDED_AVAILABILITY = YES_AGGRESSIVE;
				CLANG_WARN_UNREACHABLE_CODE = YES;
				CLANG_WARN__DUPLICATE_METHOD_MATCH = YES;
				COPY_PHASE_STRIP = NO;
				DEBUG_INFORMATION_FORMAT = dwarf;
				ENABLE_STRICT_OBJC_MSGSEND = YES;
				ENABLE_TESTABILITY = YES;
				GCC_C_LANGUAGE_STANDARD = gnu11;
				GCC_DYNAMIC_NO_PIC = NO;
				GCC_NO_COMMON_BLOCKS = YES;
				GCC_OPTIMIZATION_LEVEL = 0;
				GCC_PREPROCESSOR_DEFINITIONS = (
					"DEBUG=1",
					"$(inherited)",
				);
				GCC_WARN_64_TO_32_BIT_CONVERSION = YES;
				GCC_WARN_ABOUT_RETURN_TYPE = YES_ERROR;
				GCC_WARN_UNDECLARED_SELECTOR = YES;
				GCC_WARN_UNINITIALIZED_AUTOS = YES_AGGRESSIVE;
				GCC_WARN_UNUSED_FUNCTION = YES;
				GCC_WARN_UNUSED_VARIABLE = YES;
				IPHONEOS_DEPLOYMENT_TARGET = 13.0;
				MTL_ENABLE_DEBUG_INFO = INCLUDE_SOURCE;
				MTL_FAST_MATH = YES;
				ONLY_ACTIVE_ARCH = YES;
				SDKROOT = iphoneos;
				SWIFT_ACTIVE_COMPILATION_CONDITIONS = DEBUG;
				SWIFT_OPTIMIZATION_LEVEL = "-Onone";
			};
			name = Debug;
		};
		FBEF61F62401092D005860C8 /* Release */ = {
			isa = XCBuildConfiguration;
			buildSettings = {
				ALWAYS_SEARCH_USER_PATHS = NO;
				CLANG_ANALYZER_NONNULL = YES;
				CLANG_ANALYZER_NUMBER_OBJECT_CONVERSION = YES_AGGRESSIVE;
				CLANG_CXX_LANGUAGE_STANDARD = "gnu++14";
				CLANG_CXX_LIBRARY = "libc++";
				CLANG_ENABLE_MODULES = YES;
				CLANG_ENABLE_OBJC_ARC = YES;
				CLANG_ENABLE_OBJC_WEAK = YES;
				CLANG_WARN_BLOCK_CAPTURE_AUTORELEASING = YES;
				CLANG_WARN_BOOL_CONVERSION = YES;
				CLANG_WARN_COMMA = YES;
				CLANG_WARN_CONSTANT_CONVERSION = YES;
				CLANG_WARN_DEPRECATED_OBJC_IMPLEMENTATIONS = YES;
				CLANG_WARN_DIRECT_OBJC_ISA_USAGE = YES_ERROR;
				CLANG_WARN_DOCUMENTATION_COMMENTS = YES;
				CLANG_WARN_EMPTY_BODY = YES;
				CLANG_WARN_ENUM_CONVERSION = YES;
				CLANG_WARN_INFINITE_RECURSION = YES;
				CLANG_WARN_INT_CONVERSION = YES;
				CLANG_WARN_NON_LITERAL_NULL_CONVERSION = YES;
				CLANG_WARN_OBJC_IMPLICIT_RETAIN_SELF = YES;
				CLANG_WARN_OBJC_LITERAL_CONVERSION = YES;
				CLANG_WARN_OBJC_ROOT_CLASS = YES_ERROR;
				CLANG_WARN_RANGE_LOOP_ANALYSIS = YES;
				CLANG_WARN_STRICT_PROTOTYPES = YES;
				CLANG_WARN_SUSPICIOUS_MOVE = YES;
				CLANG_WARN_UNGUARDED_AVAILABILITY = YES_AGGRESSIVE;
				CLANG_WARN_UNREACHABLE_CODE = YES;
				CLANG_WARN__DUPLICATE_METHOD_MATCH = YES;
				COPY_PHASE_STRIP = NO;
				DEBUG_INFORMATION_FORMAT = "dwarf-with-dsym";
				ENABLE_NS_ASSERTIONS = NO;
				ENABLE_STRICT_OBJC_MSGSEND = YES;
				GCC_C_LANGUAGE_STANDARD = gnu11;
				GCC_NO_COMMON_BLOCKS = YES;
				GCC_WARN_64_TO_32_BIT_CONVERSION = YES;
				GCC_WARN_ABOUT_RETURN_TYPE = YES_ERROR;
				GCC_WARN_UNDECLARED_SELECTOR = YES;
				GCC_WARN_UNINITIALIZED_AUTOS = YES_AGGRESSIVE;
				GCC_WARN_UNUSED_FUNCTION = YES;
				GCC_WARN_UNUSED_VARIABLE = YES;
				IPHONEOS_DEPLOYMENT_TARGET = 13.0;
				MTL_ENABLE_DEBUG_INFO = NO;
				MTL_FAST_MATH = YES;
				SDKROOT = iphoneos;
				SWIFT_COMPILATION_MODE = wholemodule;
				SWIFT_OPTIMIZATION_LEVEL = "-O";
				VALIDATE_PRODUCT = YES;
			};
			name = Release;
		};
		FBEF61F82401092D005860C8 /* Debug */ = {
			isa = XCBuildConfiguration;
			buildSettings = {
				ASSETCATALOG_COMPILER_APPICON_NAME = AppIcon;
				CODE_SIGN_ENTITLEMENTS = Background/Background.entitlements;
				CODE_SIGN_STYLE = Automatic;
				DEVELOPMENT_ASSET_PATHS = "\"Background/Preview Content\"";
				DEVELOPMENT_TEAM = QWP2E983M5;
				ENABLE_PREVIEWS = YES;
				INFOPLIST_FILE = Background/Info.plist;
				LD_RUNPATH_SEARCH_PATHS = (
					"$(inherited)",
					"@executable_path/Frameworks",
				);
				PRODUCT_BUNDLE_IDENTIFIER = it.3bus.Background;
				PRODUCT_NAME = "$(TARGET_NAME)";
				SWIFT_VERSION = 5.0;
				TARGETED_DEVICE_FAMILY = "1,2";
			};
			name = Debug;
		};
		FBEF61F92401092D005860C8 /* Release */ = {
			isa = XCBuildConfiguration;
			buildSettings = {
				ASSETCATALOG_COMPILER_APPICON_NAME = AppIcon;
				CODE_SIGN_ENTITLEMENTS = Background/Background.entitlements;
				CODE_SIGN_STYLE = Automatic;
				DEVELOPMENT_ASSET_PATHS = "\"Background/Preview Content\"";
				DEVELOPMENT_TEAM = QWP2E983M5;
				ENABLE_PREVIEWS = YES;
				INFOPLIST_FILE = Background/Info.plist;
				LD_RUNPATH_SEARCH_PATHS = (
					"$(inherited)",
					"@executable_path/Frameworks",
				);
				PRODUCT_BUNDLE_IDENTIFIER = it.3bus.Background;
				PRODUCT_NAME = "$(TARGET_NAME)";
				SWIFT_VERSION = 5.0;
				TARGETED_DEVICE_FAMILY = "1,2";
			};
			name = Release;
		};
/* End XCBuildConfiguration section */

/* Begin XCConfigurationList section */
		FBEF61DE24010927005860C8 /* Build configuration list for PBXProject "Background" */ = {
			isa = XCConfigurationList;
			buildConfigurations = (
				FBEF61F52401092D005860C8 /* Debug */,
				FBEF61F62401092D005860C8 /* Release */,
			);
			defaultConfigurationIsVisible = 0;
			defaultConfigurationName = Release;
		};
		FBEF61F72401092D005860C8 /* Build configuration list for PBXNativeTarget "Background" */ = {
			isa = XCConfigurationList;
			buildConfigurations = (
				FBEF61F82401092D005860C8 /* Debug */,
				FBEF61F92401092D005860C8 /* Release */,
			);
			defaultConfigurationIsVisible = 0;
			defaultConfigurationName = Release;
		};
/* End XCConfigurationList section */
	};
	rootObject = FBEF61DB24010927005860C8 /* Project object */;
}
